<?xml version="1.0" encoding="utf-8"?>
<Project ToolsVersion="4.0" xmlns="http://schemas.microsoft.com/developer/msbuild/2003">
  <ItemGroup>
    <Filter Include="CommandHandlers">
      <UniqueIdentifier>{ff31b0d8-bf03-4a28-945d-cfae6eb365fa}</UniqueIdentifier>
    </Filter>
    <Filter Include="Installer">
      <UniqueIdentifier>{ca898efe-24d8-4317-99c9-769e8e80c3aa}</UniqueIdentifier>
    </Filter>
    <Filter Include="Factories">
      <UniqueIdentifier>{a0f353df-9c6f-4612-a2d1-98aa7a6d6893}</UniqueIdentifier>
    </Filter>
    <Filter Include="Helpers">
      <UniqueIdentifier>{9c186a78-bd74-4ac7-b560-e61aeb6d2350}</UniqueIdentifier>
    </Filter>
    <Filter Include="CommandHandlers\Base">
      <UniqueIdentifier>{7a045eaf-b500-484e-998a-394c98da10f1}</UniqueIdentifier>
    </Filter>
    <Filter Include="CommandHandlers\Implementation">
      <UniqueIdentifier>{fc167318-0574-47ba-aa80-a48008ef4b8c}</UniqueIdentifier>
    </Filter>
    <Filter Include="Registry">
      <UniqueIdentifier>{2de5b87c-2f6d-4a04-bd61-1e1be9a91fdf}</UniqueIdentifier>
    </Filter>
  </ItemGroup>
  <ItemGroup>
    <ClInclude Include="Installer.h">
      <Filter>Installer</Filter>
    </ClInclude>
    <ClInclude Include="pch.h" />
    <ClInclude Include="framework.h" />
    <ClInclude Include="SimpleFactory.h">
      <Filter>Factories</Filter>
    </ClInclude>
    <ClInclude Include="PathHelper.h">
      <Filter>Helpers</Filter>
    </ClInclude>
    <ClInclude Include="AclHelper.h">
      <Filter>Helpers</Filter>
    </ClInclude>
    <ClInclude Include="SharedCounter.h" />
    <ClInclude Include="ExplorerCommandBase.h">
      <Filter>CommandHandlers\Base</Filter>
    </ClInclude>
    <ClInclude Include="BaseNppExplorerCommandHandler.h">
      <Filter>CommandHandlers\Base</Filter>
    </ClInclude>
    <ClInclude Include="ClassicEditWithNppExplorerCommandHandler.h">
      <Filter>CommandHandlers\Implementation</Filter>
    </ClInclude>
    <ClInclude Include="ModernEditWithNppExplorerCommandHandler.h">
      <Filter>CommandHandlers\Implementation</Filter>
    </ClInclude>
    <ClInclude Include="RegistryKey.h">
      <Filter>Registry</Filter>
    </ClInclude>
  </ItemGroup>
  <ItemGroup>
    <ClCompile Include="Installer.cpp">
      <Filter>Installer</Filter>
    </ClCompile>
    <ClCompile Include="dllmain.cpp" />
    <ClCompile Include="pch.cpp" />
    <ClCompile Include="PathHelper.cpp">
      <Filter>Helpers</Filter>
    </ClCompile>
    <ClCompile Include="AclHelper.cpp">
      <Filter>Helpers</Filter>
    </ClCompile>
    <ClCompile Include="SharedCounter.cpp" />
    <ClCompile Include="ExplorerCommandBase.cpp">
      <Filter>CommandHandlers\Base</Filter>
    </ClCompile>
    <ClCompile Include="BaseNppExplorerCommandHandler.cpp">
      <Filter>CommandHandlers\Base</Filter>
    </ClCompile>
    <ClCompile Include="ClassicEditWithNppExplorerCommandHandler.cpp">
      <Filter>CommandHandlers\Implementation</Filter>
    </ClCompile>
    <ClCompile Include="ModernEditWithNppExplorerCommandHandler.cpp">
      <Filter>CommandHandlers\Implementation</Filter>
    </ClCompile>
    <ClCompile Include="RegistryKey.cpp">
      <Filter>Registry</Filter>
    </ClCompile>
  </ItemGroup>
  <ItemGroup>
    <None Include="packages.config" />
    <None Include="source.def" />
  </ItemGroup>
</Project>